
Microsoft Visual Studio Solution File, Format Version 12.00
# Visual Studio 14
VisualStudioVersion = 14.0.25420.1
MinimumVisualStudioVersion = 10.0.40219.1
Project("{FAE04EC0-301F-11D3-BF4B-00C04F79EFBC}") = "CoCSharp", "src\CoCSharp\CoCSharp.csproj", "{7481E33E-B214-421B-8F9B-A812958395DD}"
EndProject
Project("{FAE04EC0-301F-11D3-BF4B-00C04F79EFBC}") = "CoCSharp.Proxy", "src\CoCSharp.Proxy\CoCSharp.Proxy.csproj", "{BD886993-1EE6-43DE-AE44-147E0E1BF673}"
EndProject
Project("{FAE04EC0-301F-11D3-BF4B-00C04F79EFBC}") = "CoCSharp.Server", "src\CoCSharp.Server\CoCSharp.Server.csproj", "{542CADA9-B065-4B67-B790-AB0B2EEF46BD}"
EndProject
Project("{FAE04EC0-301F-11D3-BF4B-00C04F79EFBC}") = "Tests", "tests\Tests.csproj", "{A10E17E7-2B42-4A02-900B-B91E3950F80C}"
EndProject
Project("{FAE04EC0-301F-11D3-BF4B-00C04F79EFBC}") = "Benchmarks", "benchmarks\Benchmarks.csproj", "{EACF0AE5-D485-41C4-A164-BB5268D45CC3}"
EndProject
Project("{FAE04EC0-301F-11D3-BF4B-00C04F79EFBC}") = "CoCSharp.Server.Api", "src\CoCSharp.Server.Api\CoCSharp.Server.Api.csproj", "{5B995462-1628-4FC1-B2F0-BE7E0F8305A6}"
EndProject
Project("{FAE04EC0-301F-11D3-BF4B-00C04F79EFBC}") = "CoCSharp.Client", "src\CoCSharp.Client\CoCSharp.Client.csproj", "{096633F8-1EE3-4F2F-AD44-978E4F247161}"
EndProject
Global
	GlobalSection(SolutionConfigurationPlatforms) = preSolution
		Debug|Any CPU = Debug|Any CPU
		Release|Any CPU = Release|Any CPU
	EndGlobalSection
	GlobalSection(ProjectConfigurationPlatforms) = postSolution
		{7481E33E-B214-421B-8F9B-A812958395DD}.Debug|Any CPU.ActiveCfg = Debug|Any CPU
		{7481E33E-B214-421B-8F9B-A812958395DD}.Debug|Any CPU.Build.0 = Debug|Any CPU
		{7481E33E-B214-421B-8F9B-A812958395DD}.Release|Any CPU.ActiveCfg = Release|Any CPU
		{7481E33E-B214-421B-8F9B-A812958395DD}.Release|Any CPU.Build.0 = Release|Any CPU
		{BD886993-1EE6-43DE-AE44-147E0E1BF673}.Debug|Any CPU.ActiveCfg = Debug|Any CPU
		{BD886993-1EE6-43DE-AE44-147E0E1BF673}.Debug|Any CPU.Build.0 = Debug|Any CPU
		{BD886993-1EE6-43DE-AE44-147E0E1BF673}.Release|Any CPU.ActiveCfg = Release|Any CPU
		{BD886993-1EE6-43DE-AE44-147E0E1BF673}.Release|Any CPU.Build.0 = Release|Any CPU
		{542CADA9-B065-4B67-B790-AB0B2EEF46BD}.Debug|Any CPU.ActiveCfg = Debug|Any CPU
		{542CADA9-B065-4B67-B790-AB0B2EEF46BD}.Debug|Any CPU.Build.0 = Debug|Any CPU
		{542CADA9-B065-4B67-B790-AB0B2EEF46BD}.Release|Any CPU.ActiveCfg = Release|Any CPU
		{542CADA9-B065-4B67-B790-AB0B2EEF46BD}.Release|Any CPU.Build.0 = Release|Any CPU
		{A10E17E7-2B42-4A02-900B-B91E3950F80C}.Debug|Any CPU.ActiveCfg = Debug|Any CPU
		{A10E17E7-2B42-4A02-900B-B91E3950F80C}.Debug|Any CPU.Build.0 = Debug|Any CPU
		{A10E17E7-2B42-4A02-900B-B91E3950F80C}.Release|Any CPU.ActiveCfg = Release|Any CPU
		{A10E17E7-2B42-4A02-900B-B91E3950F80C}.Release|Any CPU.Build.0 = Release|Any CPU
		{EACF0AE5-D485-41C4-A164-BB5268D45CC3}.Debug|Any CPU.ActiveCfg = Debug|Any CPU
		{EACF0AE5-D485-41C4-A164-BB5268D45CC3}.Debug|Any CPU.Build.0 = Debug|Any CPU
		{EACF0AE5-D485-41C4-A164-BB5268D45CC3}.Release|Any CPU.ActiveCfg = Release|Any CPU
		{EACF0AE5-D485-41C4-A164-BB5268D45CC3}.Release|Any CPU.Build.0 = Release|Any CPU
		{5B995462-1628-4FC1-B2F0-BE7E0F8305A6}.Debug|Any CPU.ActiveCfg = Debug|Any CPU
		{5B995462-1628-4FC1-B2F0-BE7E0F8305A6}.Debug|Any CPU.Build.0 = Debug|Any CPU
		{5B995462-1628-4FC1-B2F0-BE7E0F8305A6}.Release|Any CPU.ActiveCfg = Release|Any CPU
		{5B995462-1628-4FC1-B2F0-BE7E0F8305A6}.Release|Any CPU.Build.0 = Release|Any CPU
		{096633F8-1EE3-4F2F-AD44-978E4F247161}.Debug|Any CPU.ActiveCfg = Debug|Any CPU
		{096633F8-1EE3-4F2F-AD44-978E4F247161}.Debug|Any CPU.Build.0 = Debug|Any CPU
		{096633F8-1EE3-4F2F-AD44-978E4F247161}.Release|Any CPU.ActiveCfg = Release|Any CPU
		{096633F8-1EE3-4F2F-AD44-978E4F247161}.Release|Any CPU.Build.0 = Release|Any CPU
	EndGlobalSection
	GlobalSection(SolutionProperties) = preSolution
		HideSolutionNode = FALSE
	EndGlobalSection
EndGlobal
